
Microsoft Visual Studio Solution File, Format Version 12.00
# Visual Studio Version 16
VisualStudioVersion = 16.0.31321.278
MinimumVisualStudioVersion = 10.0.40219.1
Project("{FAE04EC0-301F-11D3-BF4B-00C04F79EFBC}") = "InsWithDisConnected", "InsWithDisConnected\InsWithDisConnected.csproj", "{B996D25D-D0BD-41F2-BF5B-D2AF6E951EA3}"
EndProject
Global
	GlobalSection(SolutionConfigurationPlatforms) = preSolution
		Debug|Any CPU = Debug|Any CPU
		Release|Any CPU = Release|Any CPU
	EndGlobalSection
	GlobalSection(ProjectConfigurationPlatforms) = postSolution
		{B996D25D-D0BD-41F2-BF5B-D2AF6E951EA3}.Debug|Any CPU.ActiveCfg = Debug|Any CPU
		{B996D25D-D0BD-41F2-BF5B-D2AF6E951EA3}.Debug|Any CPU.Build.0 = Debug|Any CPU
		{B996D25D-D0BD-41F2-BF5B-D2AF6E951EA3}.Release|Any CPU.ActiveCfg = Release|Any CPU
		{B996D25D-D0BD-41F2-BF5B-D2AF6E951EA3}.Release|Any CPU.Build.0 = Release|Any CPU
	EndGlobalSection
	GlobalSection(SolutionProperties) = preSolution
		HideSolutionNode = FALSE
	EndGlobalSection
	GlobalSection(ExtensibilityGlobals) = postSolution
		SolutionGuid = {3AE76710-9B77-4580-898A-3B82A4318A83}
	EndGlobalSection
EndGlobal
