
Microsoft Visual Studio Solution File, Format Version 12.00
# Visual Studio Version 16
VisualStudioVersion = 16.0.31321.278
MinimumVisualStudioVersion = 10.0.40219.1
Project("{FAE04EC0-301F-11D3-BF4B-00C04F79EFBC}") = "InsWithFun", "InsWithFun\InsWithFun.csproj", "{2433CCA7-B66B-4B4D-8671-E4039DB7578E}"
EndProject
Global
	GlobalSection(SolutionConfigurationPlatforms) = preSolution
		Debug|Any CPU = Debug|Any CPU
		Release|Any CPU = Release|Any CPU
	EndGlobalSection
	GlobalSection(ProjectConfigurationPlatforms) = postSolution
		{2433CCA7-B66B-4B4D-8671-E4039DB7578E}.Debug|Any CPU.ActiveCfg = Debug|Any CPU
		{2433CCA7-B66B-4B4D-8671-E4039DB7578E}.Debug|Any CPU.Build.0 = Debug|Any CPU
		{2433CCA7-B66B-4B4D-8671-E4039DB7578E}.Release|Any CPU.ActiveCfg = Release|Any CPU
		{2433CCA7-B66B-4B4D-8671-E4039DB7578E}.Release|Any CPU.Build.0 = Release|Any CPU
	EndGlobalSection
	GlobalSection(SolutionProperties) = preSolution
		HideSolutionNode = FALSE
	EndGlobalSection
	GlobalSection(ExtensibilityGlobals) = postSolution
		SolutionGuid = {FD8BA0FA-A311-4C15-B45F-56ED5D52AB4F}
	EndGlobalSection
EndGlobal
